
Microsoft Visual Studio Solution File, Format Version 12.00
# Visual Studio Version 17
VisualStudioVersion = 17.5.33502.453
MinimumVisualStudioVersion = 10.0.40219.1
Project("{FAE04EC0-301F-11D3-BF4B-00C04F79EFBC}") = "Yevtukh-KolomietsSamostC#2", "Yevtukh-KolomietsSamostC#2.csproj", "{89D759C8-BE6E-463B-BD3F-5292A58FD8FA}"
EndProject
Global
	GlobalSection(SolutionConfigurationPlatforms) = preSolution
		Debug|Any CPU = Debug|Any CPU
		Release|Any CPU = Release|Any CPU
	EndGlobalSection
	GlobalSection(ProjectConfigurationPlatforms) = postSolution
		{89D759C8-BE6E-463B-BD3F-5292A58FD8FA}.Debug|Any CPU.ActiveCfg = Debug|Any CPU
		{89D759C8-BE6E-463B-BD3F-5292A58FD8FA}.Debug|Any CPU.Build.0 = Debug|Any CPU
		{89D759C8-BE6E-463B-BD3F-5292A58FD8FA}.Release|Any CPU.ActiveCfg = Release|Any CPU
		{89D759C8-BE6E-463B-BD3F-5292A58FD8FA}.Release|Any CPU.Build.0 = Release|Any CPU
	EndGlobalSection
	GlobalSection(SolutionProperties) = preSolution
		HideSolutionNode = FALSE
	EndGlobalSection
	GlobalSection(ExtensibilityGlobals) = postSolution
		SolutionGuid = {CAABE409-A533-49BF-A4A7-2E6EF546009F}
	EndGlobalSection
EndGlobal
