
Microsoft Visual Studio Solution File, Format Version 12.00
# Visual Studio Version 17
VisualStudioVersion = 17.6.33717.318
MinimumVisualStudioVersion = 10.0.40219.1
Project("{FAE04EC0-301F-11D3-BF4B-00C04F79EFBC}") = "ConsoleApp2", "ConsoleApp2.csproj", "{1F138D0C-4075-4C2F-BCDF-A855D93F43EA}"
EndProject
Global
	GlobalSection(SolutionConfigurationPlatforms) = preSolution
		Debug|Any CPU = Debug|Any CPU
		Release|Any CPU = Release|Any CPU
	EndGlobalSection
	GlobalSection(ProjectConfigurationPlatforms) = postSolution
		{1F138D0C-4075-4C2F-BCDF-A855D93F43EA}.Debug|Any CPU.ActiveCfg = Debug|Any CPU
		{1F138D0C-4075-4C2F-BCDF-A855D93F43EA}.Debug|Any CPU.Build.0 = Debug|Any CPU
		{1F138D0C-4075-4C2F-BCDF-A855D93F43EA}.Release|Any CPU.ActiveCfg = Release|Any CPU
		{1F138D0C-4075-4C2F-BCDF-A855D93F43EA}.Release|Any CPU.Build.0 = Release|Any CPU
	EndGlobalSection
	GlobalSection(SolutionProperties) = preSolution
		HideSolutionNode = FALSE
	EndGlobalSection
	GlobalSection(ExtensibilityGlobals) = postSolution
		SolutionGuid = {8FDEA165-8A45-4F20-900B-32825C4BD0DE}
	EndGlobalSection
EndGlobal
