
Microsoft Visual Studio Solution File, Format Version 12.00
# Visual Studio Version 17
VisualStudioVersion = 17.6.33717.318
MinimumVisualStudioVersion = 10.0.40219.1
Project("{FAE04EC0-301F-11D3-BF4B-00C04F79EFBC}") = "SamostJob7", "SamostJob7.csproj", "{AFEFAC81-0B9F-4EFB-B729-BD01718E90FF}"
EndProject
Global
	GlobalSection(SolutionConfigurationPlatforms) = preSolution
		Debug|Any CPU = Debug|Any CPU
		Release|Any CPU = Release|Any CPU
	EndGlobalSection
	GlobalSection(ProjectConfigurationPlatforms) = postSolution
		{AFEFAC81-0B9F-4EFB-B729-BD01718E90FF}.Debug|Any CPU.ActiveCfg = Debug|Any CPU
		{AFEFAC81-0B9F-4EFB-B729-BD01718E90FF}.Debug|Any CPU.Build.0 = Debug|Any CPU
		{AFEFAC81-0B9F-4EFB-B729-BD01718E90FF}.Release|Any CPU.ActiveCfg = Release|Any CPU
		{AFEFAC81-0B9F-4EFB-B729-BD01718E90FF}.Release|Any CPU.Build.0 = Release|Any CPU
	EndGlobalSection
	GlobalSection(SolutionProperties) = preSolution
		HideSolutionNode = FALSE
	EndGlobalSection
	GlobalSection(ExtensibilityGlobals) = postSolution
		SolutionGuid = {93AEFCFF-3789-4B85-A51D-12D85DCC9B27}
	EndGlobalSection
EndGlobal
